
Microsoft Visual Studio Solution File, Format Version 12.00
# Visual Studio Version 17
VisualStudioVersion = 17.6.33815.320
MinimumVisualStudioVersion = 10.0.40219.1
Project("{FAE04EC0-301F-11D3-BF4B-00C04F79EFBC}") = "SSSSSSSSSSSSSSSSSSS", "SSSSSSSSSSSSSSSSSSS\SSSSSSSSSSSSSSSSSSS.csproj", "{47563CC7-8F79-4AE7-8161-A2F445399133}"
EndProject
Global
	GlobalSection(SolutionConfigurationPlatforms) = preSolution
		Debug|Any CPU = Debug|Any CPU
		Release|Any CPU = Release|Any CPU
	EndGlobalSection
	GlobalSection(ProjectConfigurationPlatforms) = postSolution
		{47563CC7-8F79-4AE7-8161-A2F445399133}.Debug|Any CPU.ActiveCfg = Debug|Any CPU
		{47563CC7-8F79-4AE7-8161-A2F445399133}.Debug|Any CPU.Build.0 = Debug|Any CPU
		{47563CC7-8F79-4AE7-8161-A2F445399133}.Release|Any CPU.ActiveCfg = Release|Any CPU
		{47563CC7-8F79-4AE7-8161-A2F445399133}.Release|Any CPU.Build.0 = Release|Any CPU
	EndGlobalSection
	GlobalSection(SolutionProperties) = preSolution
		HideSolutionNode = FALSE
	EndGlobalSection
	GlobalSection(ExtensibilityGlobals) = postSolution
		SolutionGuid = {69A1D5F0-74BD-4185-837C-98EB109842B2}
	EndGlobalSection
EndGlobal
